// !$*UTF8*$!
{
	archiveVersion = 1;
	classes = {
	};
	objectVersion = 50;
	objects = {

/* Begin PBXBuildFile section */
		2F22F0D126F8A0830015E9E8 /* AppDelegate.swift in Sources */ = {isa = PBXBuildFile; fileRef = 2F22F0D026F8A0830015E9E8 /* AppDelegate.swift */; };
		2F22F0D326F8A0830015E9E8 /* SceneDelegate.swift in Sources */ = {isa = PBXBuildFile; fileRef = 2F22F0D226F8A0830015E9E8 /* SceneDelegate.swift */; };
		2F22F0D526F8A0830015E9E8 /* ViewController.swift in Sources */ = {isa = PBXBuildFile; fileRef = 2F22F0D426F8A0830015E9E8 /* ViewController.swift */; };
		2F22F0D826F8A0830015E9E8 /* Main.storyboard in Resources */ = {isa = PBXBuildFile; fileRef = 2F22F0D626F8A0830015E9E8 /* Main.storyboard */; };
		2F22F0DB26F8A0830015E9E8 /* WSKPolice.xcdatamodeld in Sources */ = {isa = PBXBuildFile; fileRef = 2F22F0D926F8A0830015E9E8 /* WSKPolice.xcdatamodeld */; };
		2F22F0DD26F8A0850015E9E8 /* Assets.xcassets in Resources */ = {isa = PBXBuildFile; fileRef = 2F22F0DC26F8A0850015E9E8 /* Assets.xcassets */; };
		2F22F0E026F8A0850015E9E8 /* LaunchScreen.storyboard in Resources */ = {isa = PBXBuildFile; fileRef = 2F22F0DE26F8A0850015E9E8 /* LaunchScreen.storyboard */; };
		2F22F0EC26F8BA9D0015E9E8 /* MainViewController.swift in Sources */ = {isa = PBXBuildFile; fileRef = 2F22F0EB26F8BA9D0015E9E8 /* MainViewController.swift */; };
		2F8AD58D26F9BD6E007D283A /* PhotoRobotViewController.swift in Sources */ = {isa = PBXBuildFile; fileRef = 2F8AD58C26F9BD6E007D283A /* PhotoRobotViewController.swift */; };
		2F8AD58F26F9C420007D283A /* NewPhotoRobotViewController.swift in Sources */ = {isa = PBXBuildFile; fileRef = 2F8AD58E26F9C420007D283A /* NewPhotoRobotViewController.swift */; };
		2F8AD59126F9C89C007D283A /* CaptchaViewController.swift in Sources */ = {isa = PBXBuildFile; fileRef = 2F8AD59026F9C89C007D283A /* CaptchaViewController.swift */; };
		2F8AD59326F9DA02007D283A /* Authorization.swift in Sources */ = {isa = PBXBuildFile; fileRef = 2F8AD59226F9DA02007D283A /* Authorization.swift */; };
		2F8AD59526FA0A42007D283A /* PhotoRobot.swift in Sources */ = {isa = PBXBuildFile; fileRef = 2F8AD59426FA0A42007D283A /* PhotoRobot.swift */; };
		2F8AD59A26FA0C35007D283A /* PhotoRobotsCollectionViewCell.swift in Sources */ = {isa = PBXBuildFile; fileRef = 2F8AD59926FA0C35007D283A /* PhotoRobotsCollectionViewCell.swift */; };
		4B3F39892710512800C4C8C8 /* AuthMainViewController.swift in Sources */ = {isa = PBXBuildFile; fileRef = 4B3F39882710512800C4C8C8 /* AuthMainViewController.swift */; };
		4B3F398B2710555000C4C8C8 /* DepartamentViewController.swift in Sources */ = {isa = PBXBuildFile; fileRef = 4B3F398A2710555000C4C8C8 /* DepartamentViewController.swift */; };
		4B3F398D271056B700C4C8C8 /* Departament.swift in Sources */ = {isa = PBXBuildFile; fileRef = 4B3F398C271056B700C4C8C8 /* Departament.swift */; };
		4B3F39912710607E00C4C8C8 /* DepatmentTableViewCell.swift in Sources */ = {isa = PBXBuildFile; fileRef = 4B3F39902710607E00C4C8C8 /* DepatmentTableViewCell.swift */; };
		4B8B75A1270F00EE00EAC169 /* FaceCollectionViewCell.swift in Sources */ = {isa = PBXBuildFile; fileRef = 4B8B75A0270F00EE00EAC169 /* FaceCollectionViewCell.swift */; };
		4B8B75A4270F0A2E00EAC169 /* PhotRobotView.swift in Sources */ = {isa = PBXBuildFile; fileRef = 4B8B75A3270F0A2E00EAC169 /* PhotRobotView.swift */; };
		4B8B75A6270F284E00EAC169 /* PointModel.swift in Sources */ = {isa = PBXBuildFile; fileRef = 4B8B75A5270F284E00EAC169 /* PointModel.swift */; };
		4B8B75A8270F288300EAC169 /* PointViewController.swift in Sources */ = {isa = PBXBuildFile; fileRef = 4B8B75A7270F288300EAC169 /* PointViewController.swift */; };
		4B8B75AA270F295200EAC169 /* PaintView.swift in Sources */ = {isa = PBXBuildFile; fileRef = 4B8B75A9270F295200EAC169 /* PaintView.swift */; };
		4B8B75AC270F2D7100EAC169 /* PaintCollectionViewCell.swift in Sources */ = {isa = PBXBuildFile; fileRef = 4B8B75AB270F2D7100EAC169 /* PaintCollectionViewCell.swift */; };
		4BA52B2727142FF500C850CD /* ShowDepartamentViewController.swift in Sources */ = {isa = PBXBuildFile; fileRef = 4BA52B2627142FF500C850CD /* ShowDepartamentViewController.swift */; };
		4BA52B2927143D4C00C850CD /* MapViewController.swift in Sources */ = {isa = PBXBuildFile; fileRef = 4BA52B2827143D4C00C850CD /* MapViewController.swift */; };
		4BA52B2C2714462D00C850CD /* DepartamentAnotation.swift in Sources */ = {isa = PBXBuildFile; fileRef = 4BA52B2B2714462D00C850CD /* DepartamentAnotation.swift */; };
		4BA52B2E27145B4400C850CD /* Wanted.swift in Sources */ = {isa = PBXBuildFile; fileRef = 4BA52B2D27145B4400C850CD /* Wanted.swift */; };
		4BA52B302714622900C850CD /* WantedViewController.swift in Sources */ = {isa = PBXBuildFile; fileRef = 4BA52B2F2714622900C850CD /* WantedViewController.swift */; };
		4BA52B3227146BF700C850CD /* WantedTableViewCell.swift in Sources */ = {isa = PBXBuildFile; fileRef = 4BA52B3127146BF700C850CD /* WantedTableViewCell.swift */; };
/* End PBXBuildFile section */

/* Begin PBXFileReference section */
		2F22F0CD26F8A0830015E9E8 /* WSKPolice.app */ = {isa = PBXFileReference; explicitFileType = wrapper.application; includeInIndex = 0; path = WSKPolice.app; sourceTree = BUILT_PRODUCTS_DIR; };
		2F22F0D026F8A0830015E9E8 /* AppDelegate.swift */ = {isa = PBXFileReference; lastKnownFileType = sourcecode.swift; path = AppDelegate.swift; sourceTree = "<group>"; };
		2F22F0D226F8A0830015E9E8 /* SceneDelegate.swift */ = {isa = PBXFileReference; lastKnownFileType = sourcecode.swift; path = SceneDelegate.swift; sourceTree = "<group>"; };
		2F22F0D426F8A0830015E9E8 /* ViewController.swift */ = {isa = PBXFileReference; lastKnownFileType = sourcecode.swift; path = ViewController.swift; sourceTree = "<group>"; };
		2F22F0D726F8A0830015E9E8 /* Base */ = {isa = PBXFileReference; lastKnownFileType = file.storyboard; name = Base; path = Base.lproj/Main.storyboard; sourceTree = "<group>"; };
		2F22F0DA26F8A0830015E9E8 /* WSKPolice.xcdatamodel */ = {isa = PBXFileReference; lastKnownFileType = wrapper.xcdatamodel; path = WSKPolice.xcdatamodel; sourceTree = "<group>"; };
		2F22F0DC26F8A0850015E9E8 /* Assets.xcassets */ = {isa = PBXFileReference; lastKnownFileType = folder.assetcatalog; path = Assets.xcassets; sourceTree = "<group>"; };
		2F22F0DF26F8A0850015E9E8 /* Base */ = {isa = PBXFileReference; lastKnownFileType = file.storyboard; name = Base; path = Base.lproj/LaunchScreen.storyboard; sourceTree = "<group>"; };
		2F22F0E126F8A0850015E9E8 /* Info.plist */ = {isa = PBXFileReference; lastKnownFileType = text.plist.xml; path = Info.plist; sourceTree = "<group>"; };
		2F22F0EB26F8BA9D0015E9E8 /* MainViewController.swift */ = {isa = PBXFileReference; lastKnownFileType = sourcecode.swift; path = MainViewController.swift; sourceTree = "<group>"; };
		2F8AD58C26F9BD6E007D283A /* PhotoRobotViewController.swift */ = {isa = PBXFileReference; lastKnownFileType = sourcecode.swift; path = PhotoRobotViewController.swift; sourceTree = "<group>"; };
		2F8AD58E26F9C420007D283A /* NewPhotoRobotViewController.swift */ = {isa = PBXFileReference; lastKnownFileType = sourcecode.swift; path = NewPhotoRobotViewController.swift; sourceTree = "<group>"; };
		2F8AD59026F9C89C007D283A /* CaptchaViewController.swift */ = {isa = PBXFileReference; lastKnownFileType = sourcecode.swift; path = CaptchaViewController.swift; sourceTree = "<group>"; };
		2F8AD59226F9DA02007D283A /* Authorization.swift */ = {isa = PBXFileReference; lastKnownFileType = sourcecode.swift; path = Authorization.swift; sourceTree = "<group>"; };
		2F8AD59426FA0A42007D283A /* PhotoRobot.swift */ = {isa = PBXFileReference; lastKnownFileType = sourcecode.swift; path = PhotoRobot.swift; sourceTree = "<group>"; };
		2F8AD59926FA0C35007D283A /* PhotoRobotsCollectionViewCell.swift */ = {isa = PBXFileReference; lastKnownFileType = sourcecode.swift; path = PhotoRobotsCollectionViewCell.swift; sourceTree = "<group>"; };
		4B3F39882710512800C4C8C8 /* AuthMainViewController.swift */ = {isa = PBXFileReference; lastKnownFileType = sourcecode.swift; path = AuthMainViewController.swift; sourceTree = "<group>"; };
		4B3F398A2710555000C4C8C8 /* DepartamentViewController.swift */ = {isa = PBXFileReference; lastKnownFileType = sourcecode.swift; path = DepartamentViewController.swift; sourceTree = "<group>"; };
		4B3F398C271056B700C4C8C8 /* Departament.swift */ = {isa = PBXFileReference; lastKnownFileType = sourcecode.swift; path = Departament.swift; sourceTree = "<group>"; };
		4B3F39902710607E00C4C8C8 /* DepatmentTableViewCell.swift */ = {isa = PBXFileReference; lastKnownFileType = sourcecode.swift; path = DepatmentTableViewCell.swift; sourceTree = "<group>"; };
		4B8B75A0270F00EE00EAC169 /* FaceCollectionViewCell.swift */ = {isa = PBXFileReference; lastKnownFileType = sourcecode.swift; path = FaceCollectionViewCell.swift; sourceTree = "<group>"; };
		4B8B75A3270F0A2E00EAC169 /* PhotRobotView.swift */ = {isa = PBXFileReference; lastKnownFileType = sourcecode.swift; path = PhotRobotView.swift; sourceTree = "<group>"; };
		4B8B75A5270F284E00EAC169 /* PointModel.swift */ = {isa = PBXFileReference; lastKnownFileType = sourcecode.swift; path = PointModel.swift; sourceTree = "<group>"; };
		4B8B75A7270F288300EAC169 /* PointViewController.swift */ = {isa = PBXFileReference; lastKnownFileType = sourcecode.swift; path = PointViewController.swift; sourceTree = "<group>"; };
		4B8B75A9270F295200EAC169 /* PaintView.swift */ = {isa = PBXFileReference; lastKnownFileType = sourcecode.swift; path = PaintView.swift; sourceTree = "<group>"; };
		4B8B75AB270F2D7100EAC169 /* PaintCollectionViewCell.swift */ = {isa = PBXFileReference; lastKnownFileType = sourcecode.swift; path = PaintCollectionViewCell.swift; sourceTree = "<group>"; };
		4BA52B2627142FF500C850CD /* ShowDepartamentViewController.swift */ = {isa = PBXFileReference; lastKnownFileType = sourcecode.swift; path = ShowDepartamentViewController.swift; sourceTree = "<group>"; };
		4BA52B2827143D4C00C850CD /* MapViewController.swift */ = {isa = PBXFileReference; lastKnownFileType = sourcecode.swift; path = MapViewController.swift; sourceTree = "<group>"; };
		4BA52B2B2714462D00C850CD /* DepartamentAnotation.swift */ = {isa = PBXFileReference; lastKnownFileType = sourcecode.swift; path = DepartamentAnotation.swift; sourceTree = "<group>"; };
		4BA52B2D27145B4400C850CD /* Wanted.swift */ = {isa = PBXFileReference; lastKnownFileType = sourcecode.swift; path = Wanted.swift; sourceTree = "<group>"; };
		4BA52B2F2714622900C850CD /* WantedViewController.swift */ = {isa = PBXFileReference; lastKnownFileType = sourcecode.swift; path = WantedViewController.swift; sourceTree = "<group>"; };
		4BA52B3127146BF700C850CD /* WantedTableViewCell.swift */ = {isa = PBXFileReference; lastKnownFileType = sourcecode.swift; path = WantedTableViewCell.swift; sourceTree = "<group>"; };
/* End PBXFileReference section */

/* Begin PBXFrameworksBuildPhase section */
		2F22F0CA26F8A0830015E9E8 /* Frameworks */ = {
			isa = PBXFrameworksBuildPhase;
			buildActionMask = 2147483647;
			files = (
			);
			runOnlyForDeploymentPostprocessing = 0;
		};
/* End PBXFrameworksBuildPhase section */

/* Begin PBXGroup section */
		2F22F0C426F8A0830015E9E8 = {
			isa = PBXGroup;
			children = (
				2F22F0CF26F8A0830015E9E8 /* WSKPolice */,
				2F22F0CE26F8A0830015E9E8 /* Products */,
			);
			sourceTree = "<group>";
		};
		2F22F0CE26F8A0830015E9E8 /* Products */ = {
			isa = PBXGroup;
			children = (
				2F22F0CD26F8A0830015E9E8 /* WSKPolice.app */,
			);
			name = Products;
			sourceTree = "<group>";
		};
		2F22F0CF26F8A0830015E9E8 /* WSKPolice */ = {
			isa = PBXGroup;
			children = (
				2F22F0EA26F8A0AD0015E9E8 /* Controllers */,
				2F22F0E926F8A0A10015E9E8 /* Views */,
				2F22F0E726F8A08B0015E9E8 /* Model */,
				2F22F0D026F8A0830015E9E8 /* AppDelegate.swift */,
				2F22F0D226F8A0830015E9E8 /* SceneDelegate.swift */,
				2F22F0DC26F8A0850015E9E8 /* Assets.xcassets */,
				2F22F0E126F8A0850015E9E8 /* Info.plist */,
				2F22F0D926F8A0830015E9E8 /* WSKPolice.xcdatamodeld */,
			);
			path = WSKPolice;
			sourceTree = "<group>";
		};
		2F22F0E726F8A08B0015E9E8 /* Model */ = {
			isa = PBXGroup;
			children = (
				2F8AD59226F9DA02007D283A /* Authorization.swift */,
				2F8AD59426FA0A42007D283A /* PhotoRobot.swift */,
				4B8B75A5270F284E00EAC169 /* PointModel.swift */,
				4B3F398C271056B700C4C8C8 /* Departament.swift */,
				4BA52B2D27145B4400C850CD /* Wanted.swift */,
			);
			path = Model;
			sourceTree = "<group>";
		};
		2F22F0E926F8A0A10015E9E8 /* Views */ = {
			isa = PBXGroup;
			children = (
				4BA52B2A2714461100C850CD /* Anotations */,
				4B8B75A2270F0A0600EAC169 /* Views */,
				2F8AD59726FA0C05007D283A /* Cells */,
				2F22F0D626F8A0830015E9E8 /* Main.storyboard */,
				2F22F0DE26F8A0850015E9E8 /* LaunchScreen.storyboard */,
			);
			path = Views;
			sourceTree = "<group>";
		};
		2F22F0EA26F8A0AD0015E9E8 /* Controllers */ = {
			isa = PBXGroup;
			children = (
				2F22F0D426F8A0830015E9E8 /* ViewController.swift */,
				2F8AD59026F9C89C007D283A /* CaptchaViewController.swift */,
				2F22F0EB26F8BA9D0015E9E8 /* MainViewController.swift */,
				2F8AD58C26F9BD6E007D283A /* PhotoRobotViewController.swift */,
				2F8AD58E26F9C420007D283A /* NewPhotoRobotViewController.swift */,
				4B8B75A7270F288300EAC169 /* PointViewController.swift */,
				4B3F39882710512800C4C8C8 /* AuthMainViewController.swift */,
				4B3F398A2710555000C4C8C8 /* DepartamentViewController.swift */,
				4BA52B2627142FF500C850CD /* ShowDepartamentViewController.swift */,
				4BA52B2827143D4C00C850CD /* MapViewController.swift */,
				4BA52B2F2714622900C850CD /* WantedViewController.swift */,
			);
			path = Controllers;
			sourceTree = "<group>";
		};
		2F8AD59726FA0C05007D283A /* Cells */ = {
			isa = PBXGroup;
			children = (
				4B3F398F2710601800C4C8C8 /* TableViewCells */,
				4B3F398E2710600300C4C8C8 /* CollectionViewCells */,
			);
			path = Cells;
			sourceTree = "<group>";
		};
		4B3F398E2710600300C4C8C8 /* CollectionViewCells */ = {
			isa = PBXGroup;
			children = (
				2F8AD59926FA0C35007D283A /* PhotoRobotsCollectionViewCell.swift */,
				4B8B75A0270F00EE00EAC169 /* FaceCollectionViewCell.swift */,
				4B8B75AB270F2D7100EAC169 /* PaintCollectionViewCell.swift */,
			);
			path = CollectionViewCells;
			sourceTree = "<group>";
		};
		4B3F398F2710601800C4C8C8 /* TableViewCells */ = {
			isa = PBXGroup;
			children = (
				4B3F39902710607E00C4C8C8 /* DepatmentTableViewCell.swift */,
				4BA52B3127146BF700C850CD /* WantedTableViewCell.swift */,
			);
			path = TableViewCells;
			sourceTree = "<group>";
		};
		4B8B75A2270F0A0600EAC169 /* Views */ = {
			isa = PBXGroup;
			children = (
				4B8B75A3270F0A2E00EAC169 /* PhotRobotView.swift */,
				4B8B75A9270F295200EAC169 /* PaintView.swift */,
			);
			path = Views;
			sourceTree = "<group>";
		};
		4BA52B2A2714461100C850CD /* Anotations */ = {
			isa = PBXGroup;
			children = (
				4BA52B2B2714462D00C850CD /* DepartamentAnotation.swift */,
			);
			path = Anotations;
			sourceTree = "<group>";
		};
/* End PBXGroup section */

/* Begin PBXNativeTarget section */
		2F22F0CC26F8A0830015E9E8 /* WSKPolice */ = {
			isa = PBXNativeTarget;
			buildConfigurationList = 2F22F0E426F8A0850015E9E8 /* Build configuration list for PBXNativeTarget "WSKPolice" */;
			buildPhases = (
				2F22F0C926F8A0830015E9E8 /* Sources */,
				2F22F0CA26F8A0830015E9E8 /* Frameworks */,
				2F22F0CB26F8A0830015E9E8 /* Resources */,
			);
			buildRules = (
			);
			dependencies = (
			);
			name = WSKPolice;
			productName = WSKPolice;
			productReference = 2F22F0CD26F8A0830015E9E8 /* WSKPolice.app */;
			productType = "com.apple.product-type.application";
		};
/* End PBXNativeTarget section */

/* Begin PBXProject section */
		2F22F0C526F8A0830015E9E8 /* Project object */ = {
			isa = PBXProject;
			attributes = {
				LastSwiftUpdateCheck = 1250;
				LastUpgradeCheck = 1250;
				TargetAttributes = {
					2F22F0CC26F8A0830015E9E8 = {
						CreatedOnToolsVersion = 12.5;
					};
				};
			};
			buildConfigurationList = 2F22F0C826F8A0830015E9E8 /* Build configuration list for PBXProject "WSKPolice" */;
			compatibilityVersion = "Xcode 9.3";
			developmentRegion = en;
			hasScannedForEncodings = 0;
			knownRegions = (
				en,
				Base,
			);
			mainGroup = 2F22F0C426F8A0830015E9E8;
			productRefGroup = 2F22F0CE26F8A0830015E9E8 /* Products */;
			projectDirPath = "";
			projectRoot = "";
			targets = (
				2F22F0CC26F8A0830015E9E8 /* WSKPolice */,
			);
		};
/* End PBXProject section */

/* Begin PBXResourcesBuildPhase section */
		2F22F0CB26F8A0830015E9E8 /* Resources */ = {
			isa = PBXResourcesBuildPhase;
			buildActionMask = 2147483647;
			files = (
				2F22F0E026F8A0850015E9E8 /* LaunchScreen.storyboard in Resources */,
				2F22F0DD26F8A0850015E9E8 /* Assets.xcassets in Resources */,
				2F22F0D826F8A0830015E9E8 /* Main.storyboard in Resources */,
			);
			runOnlyForDeploymentPostprocessing = 0;
		};
/* End PBXResourcesBuildPhase section */

/* Begin PBXSourcesBuildPhase section */
		2F22F0C926F8A0830015E9E8 /* Sources */ = {
			isa = PBXSourcesBuildPhase;
			buildActionMask = 2147483647;
			files = (
				4B8B75A8270F288300EAC169 /* PointViewController.swift in Sources */,
				4B3F39892710512800C4C8C8 /* AuthMainViewController.swift in Sources */,
				4B3F398B2710555000C4C8C8 /* DepartamentViewController.swift in Sources */,
				4B8B75AA270F295200EAC169 /* PaintView.swift in Sources */,
				4B8B75AC270F2D7100EAC169 /* PaintCollectionViewCell.swift in Sources */,
				4B8B75A6270F284E00EAC169 /* PointModel.swift in Sources */,
				4B3F39912710607E00C4C8C8 /* DepatmentTableViewCell.swift in Sources */,
				4BA52B2C2714462D00C850CD /* DepartamentAnotation.swift in Sources */,
				2F22F0D526F8A0830015E9E8 /* ViewController.swift in Sources */,
				4BA52B302714622900C850CD /* WantedViewController.swift in Sources */,
				4B8B75A1270F00EE00EAC169 /* FaceCollectionViewCell.swift in Sources */,
				4BA52B2927143D4C00C850CD /* MapViewController.swift in Sources */,
				4B8B75A4270F0A2E00EAC169 /* PhotRobotView.swift in Sources */,
				2F8AD59126F9C89C007D283A /* CaptchaViewController.swift in Sources */,
				4BA52B3227146BF700C850CD /* WantedTableViewCell.swift in Sources */,
				4BA52B2727142FF500C850CD /* ShowDepartamentViewController.swift in Sources */,
				2F22F0D126F8A0830015E9E8 /* AppDelegate.swift in Sources */,
				2F8AD58D26F9BD6E007D283A /* PhotoRobotViewController.swift in Sources */,
				2F22F0D326F8A0830015E9E8 /* SceneDelegate.swift in Sources */,
				4BA52B2E27145B4400C850CD /* Wanted.swift in Sources */,
				4B3F398D271056B700C4C8C8 /* Departament.swift in Sources */,
				2F8AD59A26FA0C35007D283A /* PhotoRobotsCollectionViewCell.swift in Sources */,
				2F22F0DB26F8A0830015E9E8 /* WSKPolice.xcdatamodeld in Sources */,
				2F8AD59326F9DA02007D283A /* Authorization.swift in Sources */,
				2F8AD58F26F9C420007D283A /* NewPhotoRobotViewController.swift in Sources */,
				2F22F0EC26F8BA9D0015E9E8 /* MainViewController.swift in Sources */,
				2F8AD59526FA0A42007D283A /* PhotoRobot.swift in Sources */,
			);
			runOnlyForDeploymentPostprocessing = 0;
		};
/* End PBXSourcesBuildPhase section */

/* Begin PBXVariantGroup section */
		2F22F0D626F8A0830015E9E8 /* Main.storyboard */ = {
			isa = PBXVariantGroup;
			children = (
				2F22F0D726F8A0830015E9E8 /* Base */,
			);
			name = Main.storyboard;
			sourceTree = "<group>";
		};
		2F22F0DE26F8A0850015E9E8 /* LaunchScreen.storyboard */ = {
			isa = PBXVariantGroup;
			children = (
				2F22F0DF26F8A0850015E9E8 /* Base */,
			);
			name = LaunchScreen.storyboard;
			sourceTree = "<group>";
		};
/* End PBXVariantGroup section */

/* Begin XCBuildConfiguration section */
		2F22F0E226F8A0850015E9E8 /* Debug */ = {
			isa = XCBuildConfiguration;
			buildSettings = {
				ALWAYS_SEARCH_USER_PATHS = NO;
				CLANG_ANALYZER_NONNULL = YES;
				CLANG_ANALYZER_NUMBER_OBJECT_CONVERSION = YES_AGGRESSIVE;
				CLANG_CXX_LANGUAGE_STANDARD = "gnu++14";
				CLANG_CXX_LIBRARY = "libc++";
				CLANG_ENABLE_MODULES = YES;
				CLANG_ENABLE_OBJC_ARC = YES;
				CLANG_ENABLE_OBJC_WEAK = YES;
				CLANG_WARN_BLOCK_CAPTURE_AUTORELEASING = YES;
				CLANG_WARN_BOOL_CONVERSION = YES;
				CLANG_WARN_COMMA = YES;
				CLANG_WARN_CONSTANT_CONVERSION = YES;
				CLANG_WARN_DEPRECATED_OBJC_IMPLEMENTATIONS = YES;
				CLANG_WARN_DIRECT_OBJC_ISA_USAGE = YES_ERROR;
				CLANG_WARN_DOCUMENTATION_COMMENTS = YES;
				CLANG_WARN_EMPTY_BODY = YES;
				CLANG_WARN_ENUM_CONVERSION = YES;
				CLANG_WARN_INFINITE_RECURSION = YES;
				CLANG_WARN_INT_CONVERSION = YES;
				CLANG_WARN_NON_LITERAL_NULL_CONVERSION = YES;
				CLANG_WARN_OBJC_IMPLICIT_RETAIN_SELF = YES;
				CLANG_WARN_OBJC_LITERAL_CONVERSION = YES;
				CLANG_WARN_OBJC_ROOT_CLASS = YES_ERROR;
				CLANG_WARN_QUOTED_INCLUDE_IN_FRAMEWORK_HEADER = YES;
				CLANG_WARN_RANGE_LOOP_ANALYSIS = YES;
				CLANG_WARN_STRICT_PROTOTYPES = YES;
				CLANG_WARN_SUSPICIOUS_MOVE = YES;
				CLANG_WARN_UNGUARDED_AVAILABILITY = YES_AGGRESSIVE;
				CLANG_WARN_UNREACHABLE_CODE = YES;
				CLANG_WARN__DUPLICATE_METHOD_MATCH = YES;
				COPY_PHASE_STRIP = NO;
				DEBUG_INFORMATION_FORMAT = dwarf;
				ENABLE_STRICT_OBJC_MSGSEND = YES;
				ENABLE_TESTABILITY = YES;
				GCC_C_LANGUAGE_STANDARD = gnu11;
				GCC_DYNAMIC_NO_PIC = NO;
				GCC_NO_COMMON_BLOCKS = YES;
				GCC_OPTIMIZATION_LEVEL = 0;
				GCC_PREPROCESSOR_DEFINITIONS = (
					"DEBUG=1",
					"$(inherited)",
				);
				GCC_WARN_64_TO_32_BIT_CONVERSION = YES;
				GCC_WARN_ABOUT_RETURN_TYPE = YES_ERROR;
				GCC_WARN_UNDECLARED_SELECTOR = YES;
				GCC_WARN_UNINITIALIZED_AUTOS = YES_AGGRESSIVE;
				GCC_WARN_UNUSED_FUNCTION = YES;
				GCC_WARN_UNUSED_VARIABLE = YES;
				IPHONEOS_DEPLOYMENT_TARGET = 14.5;
				MTL_ENABLE_DEBUG_INFO = INCLUDE_SOURCE;
				MTL_FAST_MATH = YES;
				ONLY_ACTIVE_ARCH = YES;
				SDKROOT = iphoneos;
				SWIFT_ACTIVE_COMPILATION_CONDITIONS = DEBUG;
				SWIFT_OPTIMIZATION_LEVEL = "-Onone";
			};
			name = Debug;
		};
		2F22F0E326F8A0850015E9E8 /* Release */ = {
			isa = XCBuildConfiguration;
			buildSettings = {
				ALWAYS_SEARCH_USER_PATHS = NO;
				CLANG_ANALYZER_NONNULL = YES;
				CLANG_ANALYZER_NUMBER_OBJECT_CONVERSION = YES_AGGRESSIVE;
				CLANG_CXX_LANGUAGE_STANDARD = "gnu++14";
				CLANG_CXX_LIBRARY = "libc++";
				CLANG_ENABLE_MODULES = YES;
				CLANG_ENABLE_OBJC_ARC = YES;
				CLANG_ENABLE_OBJC_WEAK = YES;
				CLANG_WARN_BLOCK_CAPTURE_AUTORELEASING = YES;
				CLANG_WARN_BOOL_CONVERSION = YES;
				CLANG_WARN_COMMA = YES;
				CLANG_WARN_CONSTANT_CONVERSION = YES;
				CLANG_WARN_DEPRECATED_OBJC_IMPLEMENTATIONS = YES;
				CLANG_WARN_DIRECT_OBJC_ISA_USAGE = YES_ERROR;
				CLANG_WARN_DOCUMENTATION_COMMENTS = YES;
				CLANG_WARN_EMPTY_BODY = YES;
				CLANG_WARN_ENUM_CONVERSION = YES;
				CLANG_WARN_INFINITE_RECURSION = YES;
				CLANG_WARN_INT_CONVERSION = YES;
				CLANG_WARN_NON_LITERAL_NULL_CONVERSION = YES;
				CLANG_WARN_OBJC_IMPLICIT_RETAIN_SELF = YES;
				CLANG_WARN_OBJC_LITERAL_CONVERSION = YES;
				CLANG_WARN_OBJC_ROOT_CLASS = YES_ERROR;
				CLANG_WARN_QUOTED_INCLUDE_IN_FRAMEWORK_HEADER = YES;
				CLANG_WARN_RANGE_LOOP_ANALYSIS = YES;
				CLANG_WARN_STRICT_PROTOTYPES = YES;
				CLANG_WARN_SUSPICIOUS_MOVE = YES;
				CLANG_WARN_UNGUARDED_AVAILABILITY = YES_AGGRESSIVE;
				CLANG_WARN_UNREACHABLE_CODE = YES;
				CLANG_WARN__DUPLICATE_METHOD_MATCH = YES;
				COPY_PHASE_STRIP = NO;
				DEBUG_INFORMATION_FORMAT = "dwarf-with-dsym";
				ENABLE_NS_ASSERTIONS = NO;
				ENABLE_STRICT_OBJC_MSGSEND = YES;
				GCC_C_LANGUAGE_STANDARD = gnu11;
				GCC_NO_COMMON_BLOCKS = YES;
				GCC_WARN_64_TO_32_BIT_CONVERSION = YES;
				GCC_WARN_ABOUT_RETURN_TYPE = YES_ERROR;
				GCC_WARN_UNDECLARED_SELECTOR = YES;
				GCC_WARN_UNINITIALIZED_AUTOS = YES_AGGRESSIVE;
				GCC_WARN_UNUSED_FUNCTION = YES;
				GCC_WARN_UNUSED_VARIABLE = YES;
				IPHONEOS_DEPLOYMENT_TARGET = 14.5;
				MTL_ENABLE_DEBUG_INFO = NO;
				MTL_FAST_MATH = YES;
				SDKROOT = iphoneos;
				SWIFT_COMPILATION_MODE = wholemodule;
				SWIFT_OPTIMIZATION_LEVEL = "-O";
				VALIDATE_PRODUCT = YES;
			};
			name = Release;
		};
		2F22F0E526F8A0850015E9E8 /* Debug */ = {
			isa = XCBuildConfiguration;
			buildSettings = {
				ASSETCATALOG_COMPILER_APPICON_NAME = AppIcon;
				ASSETCATALOG_COMPILER_GLOBAL_ACCENT_COLOR_NAME = AccentColor;
				CODE_SIGN_STYLE = Automatic;
				DEVELOPMENT_TEAM = 4Q7KY4ZR42;
				INFOPLIST_FILE = WSKPolice/Info.plist;
				LD_RUNPATH_SEARCH_PATHS = (
					"$(inherited)",
					"@executable_path/Frameworks",
				);
				PRODUCT_BUNDLE_IDENTIFIER = studendt.WSKPolice;
				PRODUCT_NAME = "$(TARGET_NAME)";
				SWIFT_VERSION = 5.0;
				TARGETED_DEVICE_FAMILY = "1,2";
			};
			name = Debug;
		};
		2F22F0E626F8A0850015E9E8 /* Release */ = {
			isa = XCBuildConfiguration;
			buildSettings = {
				ASSETCATALOG_COMPILER_APPICON_NAME = AppIcon;
				ASSETCATALOG_COMPILER_GLOBAL_ACCENT_COLOR_NAME = AccentColor;
				CODE_SIGN_STYLE = Automatic;
				DEVELOPMENT_TEAM = 4Q7KY4ZR42;
				INFOPLIST_FILE = WSKPolice/Info.plist;
				LD_RUNPATH_SEARCH_PATHS = (
					"$(inherited)",
					"@executable_path/Frameworks",
				);
				PRODUCT_BUNDLE_IDENTIFIER = studendt.WSKPolice;
				PRODUCT_NAME = "$(TARGET_NAME)";
				SWIFT_VERSION = 5.0;
				TARGETED_DEVICE_FAMILY = "1,2";
			};
			name = Release;
		};
/* End XCBuildConfiguration section */

/* Begin XCConfigurationList section */
		2F22F0C826F8A0830015E9E8 /* Build configuration list for PBXProject "WSKPolice" */ = {
			isa = XCConfigurationList;
			buildConfigurations = (
				2F22F0E226F8A0850015E9E8 /* Debug */,
				2F22F0E326F8A0850015E9E8 /* Release */,
			);
			defaultConfigurationIsVisible = 0;
			defaultConfigurationName = Release;
		};
		2F22F0E426F8A0850015E9E8 /* Build configuration list for PBXNativeTarget "WSKPolice" */ = {
			isa = XCConfigurationList;
			buildConfigurations = (
				2F22F0E526F8A0850015E9E8 /* Debug */,
				2F22F0E626F8A0850015E9E8 /* Release */,
			);
			defaultConfigurationIsVisible = 0;
			defaultConfigurationName = Release;
		};
/* End XCConfigurationList section */

/* Begin XCVersionGroup section */
		2F22F0D926F8A0830015E9E8 /* WSKPolice.xcdatamodeld */ = {
			isa = XCVersionGroup;
			children = (
				2F22F0DA26F8A0830015E9E8 /* WSKPolice.xcdatamodel */,
			);
			currentVersion = 2F22F0DA26F8A0830015E9E8 /* WSKPolice.xcdatamodel */;
			path = WSKPolice.xcdatamodeld;
			sourceTree = "<group>";
			versionGroupType = wrapper.xcdatamodel;
		};
/* End XCVersionGroup section */
	};
	rootObject = 2F22F0C526F8A0830015E9E8 /* Project object */;
}
